
Microsoft Visual Studio Solution File, Format Version 12.00
# Visual Studio Version 17
VisualStudioVersion = 17.7.34018.315
MinimumVisualStudioVersion = 10.0.40219.1
Project("{FAE04EC0-301F-11D3-BF4B-00C04F79EFBC}") = "AddressBookHG_PL", "AddressBookHG_PL\AddressBookHG_PL.csproj", "{BA07E274-80F7-4174-80F1-6655B6AD4EF3}"
EndProject
Project("{FAE04EC0-301F-11D3-BF4B-00C04F79EFBC}") = "AddressBookHG_EL", "AddressBookHG_EL\AddressBookHG_EL.csproj", "{0EF6A390-E177-46A2-AD98-70037286C06A}"
EndProject
Project("{FAE04EC0-301F-11D3-BF4B-00C04F79EFBC}") = "AddressBookHG_DL", "AddressBookHG_DL\AddressBookHG_DL.csproj", "{586EAEB0-07D4-44D1-A552-7FA4BBB83F2C}"
EndProject
Project("{FAE04EC0-301F-11D3-BF4B-00C04F79EFBC}") = "AddressBookHG_BL", "AddressBookHG_BL\AddressBookHG_BL.csproj", "{BDA0FE4A-62B6-4896-BCE5-7AFBFAFBD6D9}"
EndProject
Project("{FAE04EC0-301F-11D3-BF4B-00C04F79EFBC}") = "AddressBookHG_UL", "AddressBookHG_UL\AddressBookHG_UL.csproj", "{A1172041-EA8C-485D-B381-0FCE0B9BB2C8}"
EndProject
Global
	GlobalSection(SolutionConfigurationPlatforms) = preSolution
		Debug|Any CPU = Debug|Any CPU
		Release|Any CPU = Release|Any CPU
	EndGlobalSection
	GlobalSection(ProjectConfigurationPlatforms) = postSolution
		{BA07E274-80F7-4174-80F1-6655B6AD4EF3}.Debug|Any CPU.ActiveCfg = Debug|Any CPU
		{BA07E274-80F7-4174-80F1-6655B6AD4EF3}.Debug|Any CPU.Build.0 = Debug|Any CPU
		{BA07E274-80F7-4174-80F1-6655B6AD4EF3}.Release|Any CPU.ActiveCfg = Release|Any CPU
		{BA07E274-80F7-4174-80F1-6655B6AD4EF3}.Release|Any CPU.Build.0 = Release|Any CPU
		{0EF6A390-E177-46A2-AD98-70037286C06A}.Debug|Any CPU.ActiveCfg = Debug|Any CPU
		{0EF6A390-E177-46A2-AD98-70037286C06A}.Debug|Any CPU.Build.0 = Debug|Any CPU
		{0EF6A390-E177-46A2-AD98-70037286C06A}.Release|Any CPU.ActiveCfg = Release|Any CPU
		{0EF6A390-E177-46A2-AD98-70037286C06A}.Release|Any CPU.Build.0 = Release|Any CPU
		{586EAEB0-07D4-44D1-A552-7FA4BBB83F2C}.Debug|Any CPU.ActiveCfg = Debug|Any CPU
		{586EAEB0-07D4-44D1-A552-7FA4BBB83F2C}.Debug|Any CPU.Build.0 = Debug|Any CPU
		{586EAEB0-07D4-44D1-A552-7FA4BBB83F2C}.Release|Any CPU.ActiveCfg = Release|Any CPU
		{586EAEB0-07D4-44D1-A552-7FA4BBB83F2C}.Release|Any CPU.Build.0 = Release|Any CPU
		{BDA0FE4A-62B6-4896-BCE5-7AFBFAFBD6D9}.Debug|Any CPU.ActiveCfg = Debug|Any CPU
		{BDA0FE4A-62B6-4896-BCE5-7AFBFAFBD6D9}.Debug|Any CPU.Build.0 = Debug|Any CPU
		{BDA0FE4A-62B6-4896-BCE5-7AFBFAFBD6D9}.Release|Any CPU.ActiveCfg = Release|Any CPU
		{BDA0FE4A-62B6-4896-BCE5-7AFBFAFBD6D9}.Release|Any CPU.Build.0 = Release|Any CPU
		{A1172041-EA8C-485D-B381-0FCE0B9BB2C8}.Debug|Any CPU.ActiveCfg = Debug|Any CPU
		{A1172041-EA8C-485D-B381-0FCE0B9BB2C8}.Debug|Any CPU.Build.0 = Debug|Any CPU
		{A1172041-EA8C-485D-B381-0FCE0B9BB2C8}.Release|Any CPU.ActiveCfg = Release|Any CPU
		{A1172041-EA8C-485D-B381-0FCE0B9BB2C8}.Release|Any CPU.Build.0 = Release|Any CPU
	EndGlobalSection
	GlobalSection(SolutionProperties) = preSolution
		HideSolutionNode = FALSE
	EndGlobalSection
	GlobalSection(ExtensibilityGlobals) = postSolution
		SolutionGuid = {BF6FE293-A5C0-437F-8A94-BA59B60C5001}
	EndGlobalSection
EndGlobal
